// !$*UTF8*$!
{
	archiveVersion = 1;
	classes = {
	};
	objectVersion = 46;
	objects = {

/* Begin PBXBuildFile section */
		5FB10E931DC7623100755003 /* Pokeman.swift in Sources */ = {isa = PBXBuildFile; fileRef = 5FB10E921DC7623100755003 /* Pokeman.swift */; };
		5FB10E961DC7706700755003 /* PokeCell.swift in Sources */ = {isa = PBXBuildFile; fileRef = 5FB10E951DC7706700755003 /* PokeCell.swift */; };
		5FB10E981DC7875300755003 /* csv.swift in Sources */ = {isa = PBXBuildFile; fileRef = 5FB10E971DC7875300755003 /* csv.swift */; };
		5FB10E9A1DC7A1D400755003 /* pokemon.ttf in Resources */ = {isa = PBXBuildFile; fileRef = 5FB10E991DC7A1D400755003 /* pokemon.ttf */; };
		5FB10E9C1DC7A2BC00755003 /* pokemon2.ttf in Resources */ = {isa = PBXBuildFile; fileRef = 5FB10E9B1DC7A2BC00755003 /* pokemon2.ttf */; };
		5FB10E9E1DC7B24100755003 /* 113.mp3 in Resources */ = {isa = PBXBuildFile; fileRef = 5FB10E9D1DC7B24100755003 /* 113.mp3 */; };
		5FB10EA21DC85A7D00755003 /* PokemonDetailVC.swift in Sources */ = {isa = PBXBuildFile; fileRef = 5FB10EA11DC85A7D00755003 /* PokemonDetailVC.swift */; };
		5FC476AB1DC75CA400FAF078 /* AppDelegate.swift in Sources */ = {isa = PBXBuildFile; fileRef = 5FC476AA1DC75CA400FAF078 /* AppDelegate.swift */; };
		5FC476AD1DC75CA400FAF078 /* ViewController.swift in Sources */ = {isa = PBXBuildFile; fileRef = 5FC476AC1DC75CA400FAF078 /* ViewController.swift */; };
		5FC476B01DC75CA400FAF078 /* Main.storyboard in Resources */ = {isa = PBXBuildFile; fileRef = 5FC476AE1DC75CA400FAF078 /* Main.storyboard */; };
		5FC476B21DC75CA400FAF078 /* Assets.xcassets in Resources */ = {isa = PBXBuildFile; fileRef = 5FC476B11DC75CA400FAF078 /* Assets.xcassets */; };
		5FC476B51DC75CA400FAF078 /* LaunchScreen.storyboard in Resources */ = {isa = PBXBuildFile; fileRef = 5FC476B31DC75CA400FAF078 /* LaunchScreen.storyboard */; };
		5FC476BD1DC75F1C00FAF078 /* pokemon.csv in Resources */ = {isa = PBXBuildFile; fileRef = 5FC476BC1DC75F1C00FAF078 /* pokemon.csv */; };
/* End PBXBuildFile section */

/* Begin PBXFileReference section */
		5FB10E921DC7623100755003 /* Pokeman.swift */ = {isa = PBXFileReference; fileEncoding = 4; lastKnownFileType = sourcecode.swift; path = Pokeman.swift; sourceTree = "<group>"; };
		5FB10E951DC7706700755003 /* PokeCell.swift */ = {isa = PBXFileReference; fileEncoding = 4; lastKnownFileType = sourcecode.swift; path = PokeCell.swift; sourceTree = "<group>"; };
		5FB10E971DC7875300755003 /* csv.swift */ = {isa = PBXFileReference; fileEncoding = 4; lastKnownFileType = sourcecode.swift; path = csv.swift; sourceTree = "<group>"; };
		5FB10E991DC7A1D400755003 /* pokemon.ttf */ = {isa = PBXFileReference; lastKnownFileType = file; path = pokemon.ttf; sourceTree = "<group>"; };
		5FB10E9B1DC7A2BC00755003 /* pokemon2.ttf */ = {isa = PBXFileReference; lastKnownFileType = file; path = pokemon2.ttf; sourceTree = "<group>"; };
		5FB10E9D1DC7B24100755003 /* 113.mp3 */ = {isa = PBXFileReference; lastKnownFileType = audio.mp3; path = 113.mp3; sourceTree = "<group>"; };
		5FB10EA11DC85A7D00755003 /* PokemonDetailVC.swift */ = {isa = PBXFileReference; fileEncoding = 4; lastKnownFileType = sourcecode.swift; path = PokemonDetailVC.swift; sourceTree = "<group>"; };
		5FC476A71DC75CA400FAF078 /* PokiMoki.app */ = {isa = PBXFileReference; explicitFileType = wrapper.application; includeInIndex = 0; path = PokiMoki.app; sourceTree = BUILT_PRODUCTS_DIR; };
		5FC476AA1DC75CA400FAF078 /* AppDelegate.swift */ = {isa = PBXFileReference; lastKnownFileType = sourcecode.swift; path = AppDelegate.swift; sourceTree = "<group>"; };
		5FC476AC1DC75CA400FAF078 /* ViewController.swift */ = {isa = PBXFileReference; lastKnownFileType = sourcecode.swift; path = ViewController.swift; sourceTree = "<group>"; };
		5FC476AF1DC75CA400FAF078 /* Base */ = {isa = PBXFileReference; lastKnownFileType = file.storyboard; name = Base; path = Base.lproj/Main.storyboard; sourceTree = "<group>"; };
		5FC476B11DC75CA400FAF078 /* Assets.xcassets */ = {isa = PBXFileReference; lastKnownFileType = folder.assetcatalog; path = Assets.xcassets; sourceTree = "<group>"; };
		5FC476B41DC75CA400FAF078 /* Base */ = {isa = PBXFileReference; lastKnownFileType = file.storyboard; name = Base; path = Base.lproj/LaunchScreen.storyboard; sourceTree = "<group>"; };
		5FC476B61DC75CA400FAF078 /* Info.plist */ = {isa = PBXFileReference; lastKnownFileType = text.plist.xml; path = Info.plist; sourceTree = "<group>"; };
		5FC476BC1DC75F1C00FAF078 /* pokemon.csv */ = {isa = PBXFileReference; fileEncoding = 4; lastKnownFileType = text; path = pokemon.csv; sourceTree = "<group>"; };
/* End PBXFileReference section */

/* Begin PBXFrameworksBuildPhase section */
		5FC476A41DC75CA400FAF078 /* Frameworks */ = {
			isa = PBXFrameworksBuildPhase;
			buildActionMask = 2147483647;
			files = (
			);
			runOnlyForDeploymentPostprocessing = 0;
		};
/* End PBXFrameworksBuildPhase section */

/* Begin PBXGroup section */
		5FB10E911DC7621000755003 /* Model */ = {
			isa = PBXGroup;
			children = (
				5FB10E921DC7623100755003 /* Pokeman.swift */,
			);
			name = Model;
			sourceTree = "<group>";
		};
		5FB10E941DC7703F00755003 /* View */ = {
			isa = PBXGroup;
			children = (
				5FB10E951DC7706700755003 /* PokeCell.swift */,
			);
			name = View;
			sourceTree = "<group>";
		};
		5FB10E9F1DC84EAB00755003 /* Supporting Files */ = {
			isa = PBXGroup;
			children = (
				5FB10E971DC7875300755003 /* csv.swift */,
				5FC476AA1DC75CA400FAF078 /* AppDelegate.swift */,
				5FB10E9D1DC7B24100755003 /* 113.mp3 */,
				5FB10E9B1DC7A2BC00755003 /* pokemon2.ttf */,
				5FB10E991DC7A1D400755003 /* pokemon.ttf */,
				5FC476BC1DC75F1C00FAF078 /* pokemon.csv */,
				5FC476B31DC75CA400FAF078 /* LaunchScreen.storyboard */,
				5FC476B61DC75CA400FAF078 /* Info.plist */,
			);
			name = "Supporting Files";
			sourceTree = "<group>";
		};
		5FB10EA01DC84EFA00755003 /* Controllers */ = {
			isa = PBXGroup;
			children = (
				5FC476AC1DC75CA400FAF078 /* ViewController.swift */,
				5FB10EA11DC85A7D00755003 /* PokemonDetailVC.swift */,
			);
			name = Controllers;
			sourceTree = "<group>";
		};
		5FC4769E1DC75CA400FAF078 = {
			isa = PBXGroup;
			children = (
				5FC476A91DC75CA400FAF078 /* PokiMoki */,
				5FC476A81DC75CA400FAF078 /* Products */,
			);
			sourceTree = "<group>";
		};
		5FC476A81DC75CA400FAF078 /* Products */ = {
			isa = PBXGroup;
			children = (
				5FC476A71DC75CA400FAF078 /* PokiMoki.app */,
			);
			name = Products;
			sourceTree = "<group>";
		};
		5FC476A91DC75CA400FAF078 /* PokiMoki */ = {
			isa = PBXGroup;
			children = (
				5FB10EA01DC84EFA00755003 /* Controllers */,
				5FB10E941DC7703F00755003 /* View */,
				5FB10E911DC7621000755003 /* Model */,
				5FC476AE1DC75CA400FAF078 /* Main.storyboard */,
				5FC476B11DC75CA400FAF078 /* Assets.xcassets */,
				5FB10E9F1DC84EAB00755003 /* Supporting Files */,
			);
			path = PokiMoki;
			sourceTree = "<group>";
		};
/* End PBXGroup section */

/* Begin PBXNativeTarget section */
		5FC476A61DC75CA400FAF078 /* PokiMoki */ = {
			isa = PBXNativeTarget;
			buildConfigurationList = 5FC476B91DC75CA400FAF078 /* Build configuration list for PBXNativeTarget "PokiMoki" */;
			buildPhases = (
				5FC476A31DC75CA400FAF078 /* Sources */,
				5FC476A41DC75CA400FAF078 /* Frameworks */,
				5FC476A51DC75CA400FAF078 /* Resources */,
			);
			buildRules = (
			);
			dependencies = (
			);
			name = PokiMoki;
			productName = PokiMoki;
			productReference = 5FC476A71DC75CA400FAF078 /* PokiMoki.app */;
			productType = "com.apple.product-type.application";
		};
/* End PBXNativeTarget section */

/* Begin PBXProject section */
		5FC4769F1DC75CA400FAF078 /* Project object */ = {
			isa = PBXProject;
			attributes = {
				LastSwiftUpdateCheck = 0810;
				LastUpgradeCheck = 0810;
				ORGANIZATIONNAME = "Harman Inc";
				TargetAttributes = {
					5FC476A61DC75CA400FAF078 = {
						CreatedOnToolsVersion = 8.1;
						DevelopmentTeam = TJ3RW859P3;
						LastSwiftMigration = 0810;
						ProvisioningStyle = Automatic;
					};
				};
			};
			buildConfigurationList = 5FC476A21DC75CA400FAF078 /* Build configuration list for PBXProject "PokiMoki" */;
			compatibilityVersion = "Xcode 3.2";
			developmentRegion = English;
			hasScannedForEncodings = 0;
			knownRegions = (
				en,
				Base,
			);
			mainGroup = 5FC4769E1DC75CA400FAF078;
			productRefGroup = 5FC476A81DC75CA400FAF078 /* Products */;
			projectDirPath = "";
			projectRoot = "";
			targets = (
				5FC476A61DC75CA400FAF078 /* PokiMoki */,
			);
		};
/* End PBXProject section */

/* Begin PBXResourcesBuildPhase section */
		5FC476A51DC75CA400FAF078 /* Resources */ = {
			isa = PBXResourcesBuildPhase;
			buildActionMask = 2147483647;
			files = (
				5FB10E9A1DC7A1D400755003 /* pokemon.ttf in Resources */,
				5FC476B51DC75CA400FAF078 /* LaunchScreen.storyboard in Resources */,
				5FB10E9C1DC7A2BC00755003 /* pokemon2.ttf in Resources */,
				5FC476B21DC75CA400FAF078 /* Assets.xcassets in Resources */,
				5FC476BD1DC75F1C00FAF078 /* pokemon.csv in Resources */,
				5FB10E9E1DC7B24100755003 /* 113.mp3 in Resources */,
				5FC476B01DC75CA400FAF078 /* Main.storyboard in Resources */,
			);
			runOnlyForDeploymentPostprocessing = 0;
		};
/* End PBXResourcesBuildPhase section */

/* Begin PBXSourcesBuildPhase section */
		5FC476A31DC75CA400FAF078 /* Sources */ = {
			isa = PBXSourcesBuildPhase;
			buildActionMask = 2147483647;
			files = (
				5FB10E961DC7706700755003 /* PokeCell.swift in Sources */,
				5FB10E931DC7623100755003 /* Pokeman.swift in Sources */,
				5FC476AD1DC75CA400FAF078 /* ViewController.swift in Sources */,
				5FB10EA21DC85A7D00755003 /* PokemonDetailVC.swift in Sources */,
				5FC476AB1DC75CA400FAF078 /* AppDelegate.swift in Sources */,
				5FB10E981DC7875300755003 /* csv.swift in Sources */,
			);
			runOnlyForDeploymentPostprocessing = 0;
		};
/* End PBXSourcesBuildPhase section */

/* Begin PBXVariantGroup section */
		5FC476AE1DC75CA400FAF078 /* Main.storyboard */ = {
			isa = PBXVariantGroup;
			children = (
				5FC476AF1DC75CA400FAF078 /* Base */,
			);
			name = Main.storyboard;
			sourceTree = "<group>";
		};
		5FC476B31DC75CA400FAF078 /* LaunchScreen.storyboard */ = {
			isa = PBXVariantGroup;
			children = (
				5FC476B41DC75CA400FAF078 /* Base */,
			);
			name = LaunchScreen.storyboard;
			sourceTree = "<group>";
		};
/* End PBXVariantGroup section */

/* Begin XCBuildConfiguration section */
		5FC476B71DC75CA400FAF078 /* Debug */ = {
			isa = XCBuildConfiguration;
			buildSettings = {
				ALWAYS_SEARCH_USER_PATHS = NO;
				CLANG_ANALYZER_NONNULL = YES;
				CLANG_CXX_LANGUAGE_STANDARD = "gnu++0x";
				CLANG_CXX_LIBRARY = "libc++";
				CLANG_ENABLE_MODULES = YES;
				CLANG_ENABLE_OBJC_ARC = YES;
				CLANG_WARN_BOOL_CONVERSION = YES;
				CLANG_WARN_CONSTANT_CONVERSION = YES;
				CLANG_WARN_DIRECT_OBJC_ISA_USAGE = YES_ERROR;
				CLANG_WARN_DOCUMENTATION_COMMENTS = YES;
				CLANG_WARN_EMPTY_BODY = YES;
				CLANG_WARN_ENUM_CONVERSION = YES;
				CLANG_WARN_INFINITE_RECURSION = YES;
				CLANG_WARN_INT_CONVERSION = YES;
				CLANG_WARN_OBJC_ROOT_CLASS = YES_ERROR;
				CLANG_WARN_SUSPICIOUS_MOVES = YES;
				CLANG_WARN_UNREACHABLE_CODE = YES;
				CLANG_WARN__DUPLICATE_METHOD_MATCH = YES;
				"CODE_SIGN_IDENTITY[sdk=iphoneos*]" = "iPhone Developer";
				COPY_PHASE_STRIP = NO;
				DEBUG_INFORMATION_FORMAT = dwarf;
				ENABLE_STRICT_OBJC_MSGSEND = YES;
				ENABLE_TESTABILITY = YES;
				GCC_C_LANGUAGE_STANDARD = gnu99;
				GCC_DYNAMIC_NO_PIC = NO;
				GCC_NO_COMMON_BLOCKS = YES;
				GCC_OPTIMIZATION_LEVEL = 0;
				GCC_PREPROCESSOR_DEFINITIONS = (
					"DEBUG=1",
					"$(inherited)",
				);
				GCC_WARN_64_TO_32_BIT_CONVERSION = YES;
				GCC_WARN_ABOUT_RETURN_TYPE = YES_ERROR;
				GCC_WARN_UNDECLARED_SELECTOR = YES;
				GCC_WARN_UNINITIALIZED_AUTOS = YES_AGGRESSIVE;
				GCC_WARN_UNUSED_FUNCTION = YES;
				GCC_WARN_UNUSED_VARIABLE = YES;
				IPHONEOS_DEPLOYMENT_TARGET = 10.1;
				MTL_ENABLE_DEBUG_INFO = YES;
				ONLY_ACTIVE_ARCH = YES;
				SDKROOT = iphoneos;
				SWIFT_ACTIVE_COMPILATION_CONDITIONS = DEBUG;
				SWIFT_OPTIMIZATION_LEVEL = "-Onone";
			};
			name = Debug;
		};
		5FC476B81DC75CA400FAF078 /* Release */ = {
			isa = XCBuildConfiguration;
			buildSettings = {
				ALWAYS_SEARCH_USER_PATHS = NO;
				CLANG_ANALYZER_NONNULL = YES;
				CLANG_CXX_LANGUAGE_STANDARD = "gnu++0x";
				CLANG_CXX_LIBRARY = "libc++";
				CLANG_ENABLE_MODULES = YES;
				CLANG_ENABLE_OBJC_ARC = YES;
				CLANG_WARN_BOOL_CONVERSION = YES;
				CLANG_WARN_CONSTANT_CONVERSION = YES;
				CLANG_WARN_DIRECT_OBJC_ISA_USAGE = YES_ERROR;
				CLANG_WARN_DOCUMENTATION_COMMENTS = YES;
				CLANG_WARN_EMPTY_BODY = YES;
				CLANG_WARN_ENUM_CONVERSION = YES;
				CLANG_WARN_INFINITE_RECURSION = YES;
				CLANG_WARN_INT_CONVERSION = YES;
				CLANG_WARN_OBJC_ROOT_CLASS = YES_ERROR;
				CLANG_WARN_SUSPICIOUS_MOVES = YES;
				CLANG_WARN_UNREACHABLE_CODE = YES;
				CLANG_WARN__DUPLICATE_METHOD_MATCH = YES;
				"CODE_SIGN_IDENTITY[sdk=iphoneos*]" = "iPhone Developer";
				COPY_PHASE_STRIP = NO;
				DEBUG_INFORMATION_FORMAT = "dwarf-with-dsym";
				ENABLE_NS_ASSERTIONS = NO;
				ENABLE_STRICT_OBJC_MSGSEND = YES;
				GCC_C_LANGUAGE_STANDARD = gnu99;
				GCC_NO_COMMON_BLOCKS = YES;
				GCC_WARN_64_TO_32_BIT_CONVERSION = YES;
				GCC_WARN_ABOUT_RETURN_TYPE = YES_ERROR;
				GCC_WARN_UNDECLARED_SELECTOR = YES;
				GCC_WARN_UNINITIALIZED_AUTOS = YES_AGGRESSIVE;
				GCC_WARN_UNUSED_FUNCTION = YES;
				GCC_WARN_UNUSED_VARIABLE = YES;
				IPHONEOS_DEPLOYMENT_TARGET = 10.1;
				MTL_ENABLE_DEBUG_INFO = NO;
				SDKROOT = iphoneos;
				SWIFT_OPTIMIZATION_LEVEL = "-Owholemodule";
				VALIDATE_PRODUCT = YES;
			};
			name = Release;
		};
		5FC476BA1DC75CA400FAF078 /* Debug */ = {
			isa = XCBuildConfiguration;
			buildSettings = {
				ASSETCATALOG_COMPILER_APPICON_NAME = AppIcon;
				DEVELOPMENT_TEAM = TJ3RW859P3;
				INFOPLIST_FILE = PokiMoki/Info.plist;
				LD_RUNPATH_SEARCH_PATHS = "$(inherited) @executable_path/Frameworks";
				PRODUCT_BUNDLE_IDENTIFIER = com.beginning.PokiMoki;
				PRODUCT_NAME = "$(TARGET_NAME)";
				SWIFT_VERSION = 3.0;
			};
			name = Debug;
		};
		5FC476BB1DC75CA400FAF078 /* Release */ = {
			isa = XCBuildConfiguration;
			buildSettings = {
				ASSETCATALOG_COMPILER_APPICON_NAME = AppIcon;
				DEVELOPMENT_TEAM = TJ3RW859P3;
				INFOPLIST_FILE = PokiMoki/Info.plist;
				LD_RUNPATH_SEARCH_PATHS = "$(inherited) @executable_path/Frameworks";
				PRODUCT_BUNDLE_IDENTIFIER = com.beginning.PokiMoki;
				PRODUCT_NAME = "$(TARGET_NAME)";
				SWIFT_VERSION = 3.0;
			};
			name = Release;
		};
/* End XCBuildConfiguration section */

/* Begin XCConfigurationList section */
		5FC476A21DC75CA400FAF078 /* Build configuration list for PBXProject "PokiMoki" */ = {
			isa = XCConfigurationList;
			buildConfigurations = (
				5FC476B71DC75CA400FAF078 /* Debug */,
				5FC476B81DC75CA400FAF078 /* Release */,
			);
			defaultConfigurationIsVisible = 0;
			defaultConfigurationName = Release;
		};
		5FC476B91DC75CA400FAF078 /* Build configuration list for PBXNativeTarget "PokiMoki" */ = {
			isa = XCConfigurationList;
			buildConfigurations = (
				5FC476BA1DC75CA400FAF078 /* Debug */,
				5FC476BB1DC75CA400FAF078 /* Release */,
			);
			defaultConfigurationIsVisible = 0;
			defaultConfigurationName = Release;
		};
/* End XCConfigurationList section */
	};
	rootObject = 5FC4769F1DC75CA400FAF078 /* Project object */;
}
